
Microsoft Visual Studio Solution File, Format Version 12.00
# Visual Studio Version 17
VisualStudioVersion = 17.14.36301.6 d17.14
MinimumVisualStudioVersion = 10.0.40219.1
Project("{2150E333-8FDC-42A3-9474-1A3956D46DE8}") = "UserService", "UserService", "{02EA681E-C7D8-13C7-8484-4AC65E1B71E8}"
EndProject
Project("{2150E333-8FDC-42A3-9474-1A3956D46DE8}") = "ProductService", "ProductService", "{8B067C31-C6C0-4377-A1BD-D4F26535F51A}"
EndProject
Project("{2150E333-8FDC-42A3-9474-1A3956D46DE8}") = "OrderService", "OrderService", "{E6189D09-964B-484F-AE33-CEFDAF3FD8F5}"
EndProject
Project("{2150E333-8FDC-42A3-9474-1A3956D46DE8}") = "PaymentService", "PaymentService", "{DBAD2947-49AA-4422-8A6C-7C2124AE2939}"
EndProject
Project("{2150E333-8FDC-42A3-9474-1A3956D46DE8}") = "NotificationService", "NotificationService", "{F633F8B2-AE7E-4666-AF9B-1CA8D0DA7845}"
EndProject
Project("{FAE04EC0-301F-11D3-BF4B-00C04F79EFBC}") = "UserService.Domain", "UserService.Domain\UserService.Domain.csproj", "{D5EE08F3-FA82-4C0B-89B3-FA3914D9C5BA}"
EndProject
Project("{FAE04EC0-301F-11D3-BF4B-00C04F79EFBC}") = "UserService.Infrastructure", "UserService.Infrastructure\UserService.Infrastructure.csproj", "{36B1BC89-B4C6-4217-B899-9A1AF03135CB}"
EndProject
Project("{FAE04EC0-301F-11D3-BF4B-00C04F79EFBC}") = "UserService.Application", "UserService.Application\UserService.Application.csproj", "{583EB6B5-9573-45CE-AC82-6F30F321EAF5}"
EndProject
Project("{FAE04EC0-301F-11D3-BF4B-00C04F79EFBC}") = "UserService.API", "UserService.API\UserService.API.csproj", "{366D6D14-3FC2-4598-8077-1D2A093EAF52}"
EndProject
Project("{FAE04EC0-301F-11D3-BF4B-00C04F79EFBC}") = "UserService.Tests", "UserService.Tests\UserService.Tests.csproj", "{09E44E60-9509-4921-B297-4084AB7B5C4A}"
EndProject
Project("{FAE04EC0-301F-11D3-BF4B-00C04F79EFBC}") = "ProductService.Domain", "ProductService.Domain\ProductService.Domain.csproj", "{B6D884C5-F16C-410E-B084-41BEB8DF07B7}"
EndProject
Project("{FAE04EC0-301F-11D3-BF4B-00C04F79EFBC}") = "ProductService.Infrastructure", "ProductService.Infrastructure\ProductService.Infrastructure.csproj", "{81DD93B8-65FE-41FA-A537-8D6E8E6DBBBB}"
EndProject
Project("{FAE04EC0-301F-11D3-BF4B-00C04F79EFBC}") = "ProductService.Application", "ProductService.Application\ProductService.Application.csproj", "{00F1926E-B16D-42DE-927D-8E83C166EE08}"
EndProject
Project("{FAE04EC0-301F-11D3-BF4B-00C04F79EFBC}") = "ProductService.API", "ProductService.API\ProductService.API.csproj", "{879E7775-0828-42D5-A39F-4559C3C37E9F}"
EndProject
Project("{FAE04EC0-301F-11D3-BF4B-00C04F79EFBC}") = "ProductService.Tests", "ProductService.Tests\ProductService.Tests.csproj", "{1B3DC363-45E7-461D-B898-FC08DD2F2A15}"
EndProject
Project("{FAE04EC0-301F-11D3-BF4B-00C04F79EFBC}") = "OrderService.Domain", "OrderService.Domain\OrderService.Domain.csproj", "{E8E38890-35E1-4725-B2F1-F685D049F3FC}"
EndProject
Project("{FAE04EC0-301F-11D3-BF4B-00C04F79EFBC}") = "OrderService.Infrastructure", "OrderService.Infrastructure\OrderService.Infrastructure.csproj", "{D1F49700-6D03-4787-AC46-8577AA987237}"
EndProject
Project("{FAE04EC0-301F-11D3-BF4B-00C04F79EFBC}") = "OrderService.Application", "OrderService.Application\OrderService.Application.csproj", "{59B42080-CF5E-4967-BE54-B8975BEF8F33}"
EndProject
Project("{FAE04EC0-301F-11D3-BF4B-00C04F79EFBC}") = "OrderService.API", "OrderService.API\OrderService.API.csproj", "{1A0418E9-F2C1-487C-AC33-5C2E7D72DA4A}"
EndProject
Project("{FAE04EC0-301F-11D3-BF4B-00C04F79EFBC}") = "OrderService.Tests", "OrderService.Tests\OrderService.Tests.csproj", "{4791CAAB-C2BD-4E62-8A1E-F06399864E39}"
EndProject
Project("{FAE04EC0-301F-11D3-BF4B-00C04F79EFBC}") = "PaymentService.Domain", "PaymentService.Domain\PaymentService.Domain.csproj", "{2D495948-98E2-479E-A394-F13DBB4808BF}"
EndProject
Project("{FAE04EC0-301F-11D3-BF4B-00C04F79EFBC}") = "PaymentService.Infrastructure", "PaymentService.Infrastructure\PaymentService.Infrastructure.csproj", "{3818FB19-FBF4-4AE6-96B2-90A93C72399F}"
EndProject
Project("{FAE04EC0-301F-11D3-BF4B-00C04F79EFBC}") = "PaymentService.Application", "PaymentService.Application\PaymentService.Application.csproj", "{874862AA-77B2-49A8-8ADF-1AA981CECB20}"
EndProject
Project("{FAE04EC0-301F-11D3-BF4B-00C04F79EFBC}") = "PaymentService.API", "PaymentService.API\PaymentService.API.csproj", "{D8C923AC-E886-43E8-BDDC-CE2561299D4C}"
EndProject
Project("{FAE04EC0-301F-11D3-BF4B-00C04F79EFBC}") = "PaymentService.Tests", "PaymentService.Tests\PaymentService.Tests.csproj", "{98FE2BFF-899F-4E5E-9A75-0212CAADF9D9}"
EndProject
Project("{FAE04EC0-301F-11D3-BF4B-00C04F79EFBC}") = "NotificationService.Domain", "NotificationService.Domain\NotificationService.Domain.csproj", "{AE8FF87C-E286-4A26-9503-D29BE8E3E16F}"
EndProject
Project("{FAE04EC0-301F-11D3-BF4B-00C04F79EFBC}") = "NotificationService.Infrastructure", "NotificationService.Infrastructure\NotificationService.Infrastructure.csproj", "{D71B08B3-3450-4B08-B4AC-72C75E8E947E}"
EndProject
Project("{FAE04EC0-301F-11D3-BF4B-00C04F79EFBC}") = "NotificationService.Application", "NotificationService.Application\NotificationService.Application.csproj", "{F6B0F7C1-DF62-4F75-B2B6-4ED9082EBC15}"
EndProject
Project("{FAE04EC0-301F-11D3-BF4B-00C04F79EFBC}") = "NotificationService.API", "NotificationService.API\NotificationService.API.csproj", "{51A4E111-CB1A-4FE5-A414-75C74AE3C200}"
EndProject
Project("{FAE04EC0-301F-11D3-BF4B-00C04F79EFBC}") = "NotificationService.Tests", "NotificationService.Tests\NotificationService.Tests.csproj", "{880161D7-5540-454D-9821-25BC54882846}"
EndProject
Global
	GlobalSection(SolutionConfigurationPlatforms) = preSolution
		Debug|Any CPU = Debug|Any CPU
		Release|Any CPU = Release|Any CPU
	EndGlobalSection
	GlobalSection(ProjectConfigurationPlatforms) = postSolution
		{D5EE08F3-FA82-4C0B-89B3-FA3914D9C5BA}.Debug|Any CPU.ActiveCfg = Debug|Any CPU
		{D5EE08F3-FA82-4C0B-89B3-FA3914D9C5BA}.Debug|Any CPU.Build.0 = Debug|Any CPU
		{D5EE08F3-FA82-4C0B-89B3-FA3914D9C5BA}.Release|Any CPU.ActiveCfg = Release|Any CPU
		{D5EE08F3-FA82-4C0B-89B3-FA3914D9C5BA}.Release|Any CPU.Build.0 = Release|Any CPU
		{36B1BC89-B4C6-4217-B899-9A1AF03135CB}.Debug|Any CPU.ActiveCfg = Debug|Any CPU
		{36B1BC89-B4C6-4217-B899-9A1AF03135CB}.Debug|Any CPU.Build.0 = Debug|Any CPU
		{36B1BC89-B4C6-4217-B899-9A1AF03135CB}.Release|Any CPU.ActiveCfg = Release|Any CPU
		{36B1BC89-B4C6-4217-B899-9A1AF03135CB}.Release|Any CPU.Build.0 = Release|Any CPU
		{583EB6B5-9573-45CE-AC82-6F30F321EAF5}.Debug|Any CPU.ActiveCfg = Debug|Any CPU
		{583EB6B5-9573-45CE-AC82-6F30F321EAF5}.Debug|Any CPU.Build.0 = Debug|Any CPU
		{583EB6B5-9573-45CE-AC82-6F30F321EAF5}.Release|Any CPU.ActiveCfg = Release|Any CPU
		{583EB6B5-9573-45CE-AC82-6F30F321EAF5}.Release|Any CPU.Build.0 = Release|Any CPU
		{366D6D14-3FC2-4598-8077-1D2A093EAF52}.Debug|Any CPU.ActiveCfg = Debug|Any CPU
		{366D6D14-3FC2-4598-8077-1D2A093EAF52}.Debug|Any CPU.Build.0 = Debug|Any CPU
		{366D6D14-3FC2-4598-8077-1D2A093EAF52}.Release|Any CPU.ActiveCfg = Release|Any CPU
		{366D6D14-3FC2-4598-8077-1D2A093EAF52}.Release|Any CPU.Build.0 = Release|Any CPU
		{09E44E60-9509-4921-B297-4084AB7B5C4A}.Debug|Any CPU.ActiveCfg = Debug|Any CPU
		{09E44E60-9509-4921-B297-4084AB7B5C4A}.Debug|Any CPU.Build.0 = Debug|Any CPU
		{09E44E60-9509-4921-B297-4084AB7B5C4A}.Release|Any CPU.ActiveCfg = Release|Any CPU
		{09E44E60-9509-4921-B297-4084AB7B5C4A}.Release|Any CPU.Build.0 = Release|Any CPU
		{B6D884C5-F16C-410E-B084-41BEB8DF07B7}.Debug|Any CPU.ActiveCfg = Debug|Any CPU
		{B6D884C5-F16C-410E-B084-41BEB8DF07B7}.Debug|Any CPU.Build.0 = Debug|Any CPU
		{B6D884C5-F16C-410E-B084-41BEB8DF07B7}.Release|Any CPU.ActiveCfg = Release|Any CPU
		{B6D884C5-F16C-410E-B084-41BEB8DF07B7}.Release|Any CPU.Build.0 = Release|Any CPU
		{81DD93B8-65FE-41FA-A537-8D6E8E6DBBBB}.Debug|Any CPU.ActiveCfg = Debug|Any CPU
		{81DD93B8-65FE-41FA-A537-8D6E8E6DBBBB}.Debug|Any CPU.Build.0 = Debug|Any CPU
		{81DD93B8-65FE-41FA-A537-8D6E8E6DBBBB}.Release|Any CPU.ActiveCfg = Release|Any CPU
		{81DD93B8-65FE-41FA-A537-8D6E8E6DBBBB}.Release|Any CPU.Build.0 = Release|Any CPU
		{00F1926E-B16D-42DE-927D-8E83C166EE08}.Debug|Any CPU.ActiveCfg = Debug|Any CPU
		{00F1926E-B16D-42DE-927D-8E83C166EE08}.Debug|Any CPU.Build.0 = Debug|Any CPU
		{00F1926E-B16D-42DE-927D-8E83C166EE08}.Release|Any CPU.ActiveCfg = Release|Any CPU
		{00F1926E-B16D-42DE-927D-8E83C166EE08}.Release|Any CPU.Build.0 = Release|Any CPU
		{879E7775-0828-42D5-A39F-4559C3C37E9F}.Debug|Any CPU.ActiveCfg = Debug|Any CPU
		{879E7775-0828-42D5-A39F-4559C3C37E9F}.Debug|Any CPU.Build.0 = Debug|Any CPU
		{879E7775-0828-42D5-A39F-4559C3C37E9F}.Release|Any CPU.ActiveCfg = Release|Any CPU
		{879E7775-0828-42D5-A39F-4559C3C37E9F}.Release|Any CPU.Build.0 = Release|Any CPU
		{1B3DC363-45E7-461D-B898-FC08DD2F2A15}.Debug|Any CPU.ActiveCfg = Debug|Any CPU
		{1B3DC363-45E7-461D-B898-FC08DD2F2A15}.Debug|Any CPU.Build.0 = Debug|Any CPU
		{1B3DC363-45E7-461D-B898-FC08DD2F2A15}.Release|Any CPU.ActiveCfg = Release|Any CPU
		{1B3DC363-45E7-461D-B898-FC08DD2F2A15}.Release|Any CPU.Build.0 = Release|Any CPU
		{E8E38890-35E1-4725-B2F1-F685D049F3FC}.Debug|Any CPU.ActiveCfg = Debug|Any CPU
		{E8E38890-35E1-4725-B2F1-F685D049F3FC}.Debug|Any CPU.Build.0 = Debug|Any CPU
		{E8E38890-35E1-4725-B2F1-F685D049F3FC}.Release|Any CPU.ActiveCfg = Release|Any CPU
		{E8E38890-35E1-4725-B2F1-F685D049F3FC}.Release|Any CPU.Build.0 = Release|Any CPU
		{D1F49700-6D03-4787-AC46-8577AA987237}.Debug|Any CPU.ActiveCfg = Debug|Any CPU
		{D1F49700-6D03-4787-AC46-8577AA987237}.Debug|Any CPU.Build.0 = Debug|Any CPU
		{D1F49700-6D03-4787-AC46-8577AA987237}.Release|Any CPU.ActiveCfg = Release|Any CPU
		{D1F49700-6D03-4787-AC46-8577AA987237}.Release|Any CPU.Build.0 = Release|Any CPU
		{59B42080-CF5E-4967-BE54-B8975BEF8F33}.Debug|Any CPU.ActiveCfg = Debug|Any CPU
		{59B42080-CF5E-4967-BE54-B8975BEF8F33}.Debug|Any CPU.Build.0 = Debug|Any CPU
		{59B42080-CF5E-4967-BE54-B8975BEF8F33}.Release|Any CPU.ActiveCfg = Release|Any CPU
		{59B42080-CF5E-4967-BE54-B8975BEF8F33}.Release|Any CPU.Build.0 = Release|Any CPU
		{1A0418E9-F2C1-487C-AC33-5C2E7D72DA4A}.Debug|Any CPU.ActiveCfg = Debug|Any CPU
		{1A0418E9-F2C1-487C-AC33-5C2E7D72DA4A}.Debug|Any CPU.Build.0 = Debug|Any CPU
		{1A0418E9-F2C1-487C-AC33-5C2E7D72DA4A}.Release|Any CPU.ActiveCfg = Release|Any CPU
		{1A0418E9-F2C1-487C-AC33-5C2E7D72DA4A}.Release|Any CPU.Build.0 = Release|Any CPU
		{4791CAAB-C2BD-4E62-8A1E-F06399864E39}.Debug|Any CPU.ActiveCfg = Debug|Any CPU
		{4791CAAB-C2BD-4E62-8A1E-F06399864E39}.Debug|Any CPU.Build.0 = Debug|Any CPU
		{4791CAAB-C2BD-4E62-8A1E-F06399864E39}.Release|Any CPU.ActiveCfg = Release|Any CPU
		{4791CAAB-C2BD-4E62-8A1E-F06399864E39}.Release|Any CPU.Build.0 = Release|Any CPU
		{2D495948-98E2-479E-A394-F13DBB4808BF}.Debug|Any CPU.ActiveCfg = Debug|Any CPU
		{2D495948-98E2-479E-A394-F13DBB4808BF}.Debug|Any CPU.Build.0 = Debug|Any CPU
		{2D495948-98E2-479E-A394-F13DBB4808BF}.Release|Any CPU.ActiveCfg = Release|Any CPU
		{2D495948-98E2-479E-A394-F13DBB4808BF}.Release|Any CPU.Build.0 = Release|Any CPU
		{3818FB19-FBF4-4AE6-96B2-90A93C72399F}.Debug|Any CPU.ActiveCfg = Debug|Any CPU
		{3818FB19-FBF4-4AE6-96B2-90A93C72399F}.Debug|Any CPU.Build.0 = Debug|Any CPU
		{3818FB19-FBF4-4AE6-96B2-90A93C72399F}.Release|Any CPU.ActiveCfg = Release|Any CPU
		{3818FB19-FBF4-4AE6-96B2-90A93C72399F}.Release|Any CPU.Build.0 = Release|Any CPU
		{874862AA-77B2-49A8-8ADF-1AA981CECB20}.Debug|Any CPU.ActiveCfg = Debug|Any CPU
		{874862AA-77B2-49A8-8ADF-1AA981CECB20}.Debug|Any CPU.Build.0 = Debug|Any CPU
		{874862AA-77B2-49A8-8ADF-1AA981CECB20}.Release|Any CPU.ActiveCfg = Release|Any CPU
		{874862AA-77B2-49A8-8ADF-1AA981CECB20}.Release|Any CPU.Build.0 = Release|Any CPU
		{D8C923AC-E886-43E8-BDDC-CE2561299D4C}.Debug|Any CPU.ActiveCfg = Debug|Any CPU
		{D8C923AC-E886-43E8-BDDC-CE2561299D4C}.Debug|Any CPU.Build.0 = Debug|Any CPU
		{D8C923AC-E886-43E8-BDDC-CE2561299D4C}.Release|Any CPU.ActiveCfg = Release|Any CPU
		{D8C923AC-E886-43E8-BDDC-CE2561299D4C}.Release|Any CPU.Build.0 = Release|Any CPU
		{98FE2BFF-899F-4E5E-9A75-0212CAADF9D9}.Debug|Any CPU.ActiveCfg = Debug|Any CPU
		{98FE2BFF-899F-4E5E-9A75-0212CAADF9D9}.Debug|Any CPU.Build.0 = Debug|Any CPU
		{98FE2BFF-899F-4E5E-9A75-0212CAADF9D9}.Release|Any CPU.ActiveCfg = Release|Any CPU
		{98FE2BFF-899F-4E5E-9A75-0212CAADF9D9}.Release|Any CPU.Build.0 = Release|Any CPU
		{AE8FF87C-E286-4A26-9503-D29BE8E3E16F}.Debug|Any CPU.ActiveCfg = Debug|Any CPU
		{AE8FF87C-E286-4A26-9503-D29BE8E3E16F}.Debug|Any CPU.Build.0 = Debug|Any CPU
		{AE8FF87C-E286-4A26-9503-D29BE8E3E16F}.Release|Any CPU.ActiveCfg = Release|Any CPU
		{AE8FF87C-E286-4A26-9503-D29BE8E3E16F}.Release|Any CPU.Build.0 = Release|Any CPU
		{D71B08B3-3450-4B08-B4AC-72C75E8E947E}.Debug|Any CPU.ActiveCfg = Debug|Any CPU
		{D71B08B3-3450-4B08-B4AC-72C75E8E947E}.Debug|Any CPU.Build.0 = Debug|Any CPU
		{D71B08B3-3450-4B08-B4AC-72C75E8E947E}.Release|Any CPU.ActiveCfg = Release|Any CPU
		{D71B08B3-3450-4B08-B4AC-72C75E8E947E}.Release|Any CPU.Build.0 = Release|Any CPU
		{F6B0F7C1-DF62-4F75-B2B6-4ED9082EBC15}.Debug|Any CPU.ActiveCfg = Debug|Any CPU
		{F6B0F7C1-DF62-4F75-B2B6-4ED9082EBC15}.Debug|Any CPU.Build.0 = Debug|Any CPU
		{F6B0F7C1-DF62-4F75-B2B6-4ED9082EBC15}.Release|Any CPU.ActiveCfg = Release|Any CPU
		{F6B0F7C1-DF62-4F75-B2B6-4ED9082EBC15}.Release|Any CPU.Build.0 = Release|Any CPU
		{51A4E111-CB1A-4FE5-A414-75C74AE3C200}.Debug|Any CPU.ActiveCfg = Debug|Any CPU
		{51A4E111-CB1A-4FE5-A414-75C74AE3C200}.Debug|Any CPU.Build.0 = Debug|Any CPU
		{51A4E111-CB1A-4FE5-A414-75C74AE3C200}.Release|Any CPU.ActiveCfg = Release|Any CPU
		{51A4E111-CB1A-4FE5-A414-75C74AE3C200}.Release|Any CPU.Build.0 = Release|Any CPU
		{880161D7-5540-454D-9821-25BC54882846}.Debug|Any CPU.ActiveCfg = Debug|Any CPU
		{880161D7-5540-454D-9821-25BC54882846}.Debug|Any CPU.Build.0 = Debug|Any CPU
		{880161D7-5540-454D-9821-25BC54882846}.Release|Any CPU.ActiveCfg = Release|Any CPU
		{880161D7-5540-454D-9821-25BC54882846}.Release|Any CPU.Build.0 = Release|Any CPU
	EndGlobalSection
	GlobalSection(SolutionProperties) = preSolution
		HideSolutionNode = FALSE
	EndGlobalSection
	GlobalSection(NestedProjects) = preSolution
		{D5EE08F3-FA82-4C0B-89B3-FA3914D9C5BA} = {02EA681E-C7D8-13C7-8484-4AC65E1B71E8}
		{36B1BC89-B4C6-4217-B899-9A1AF03135CB} = {02EA681E-C7D8-13C7-8484-4AC65E1B71E8}
		{583EB6B5-9573-45CE-AC82-6F30F321EAF5} = {02EA681E-C7D8-13C7-8484-4AC65E1B71E8}
		{366D6D14-3FC2-4598-8077-1D2A093EAF52} = {02EA681E-C7D8-13C7-8484-4AC65E1B71E8}
		{09E44E60-9509-4921-B297-4084AB7B5C4A} = {02EA681E-C7D8-13C7-8484-4AC65E1B71E8}
		{B6D884C5-F16C-410E-B084-41BEB8DF07B7} = {8B067C31-C6C0-4377-A1BD-D4F26535F51A}
		{81DD93B8-65FE-41FA-A537-8D6E8E6DBBBB} = {8B067C31-C6C0-4377-A1BD-D4F26535F51A}
		{00F1926E-B16D-42DE-927D-8E83C166EE08} = {8B067C31-C6C0-4377-A1BD-D4F26535F51A}
		{879E7775-0828-42D5-A39F-4559C3C37E9F} = {8B067C31-C6C0-4377-A1BD-D4F26535F51A}
		{1B3DC363-45E7-461D-B898-FC08DD2F2A15} = {8B067C31-C6C0-4377-A1BD-D4F26535F51A}
		{E8E38890-35E1-4725-B2F1-F685D049F3FC} = {E6189D09-964B-484F-AE33-CEFDAF3FD8F5}
		{D1F49700-6D03-4787-AC46-8577AA987237} = {E6189D09-964B-484F-AE33-CEFDAF3FD8F5}
		{59B42080-CF5E-4967-BE54-B8975BEF8F33} = {E6189D09-964B-484F-AE33-CEFDAF3FD8F5}
		{1A0418E9-F2C1-487C-AC33-5C2E7D72DA4A} = {E6189D09-964B-484F-AE33-CEFDAF3FD8F5}
		{4791CAAB-C2BD-4E62-8A1E-F06399864E39} = {E6189D09-964B-484F-AE33-CEFDAF3FD8F5}
		{2D495948-98E2-479E-A394-F13DBB4808BF} = {DBAD2947-49AA-4422-8A6C-7C2124AE2939}
		{3818FB19-FBF4-4AE6-96B2-90A93C72399F} = {DBAD2947-49AA-4422-8A6C-7C2124AE2939}
		{874862AA-77B2-49A8-8ADF-1AA981CECB20} = {DBAD2947-49AA-4422-8A6C-7C2124AE2939}
		{D8C923AC-E886-43E8-BDDC-CE2561299D4C} = {DBAD2947-49AA-4422-8A6C-7C2124AE2939}
		{98FE2BFF-899F-4E5E-9A75-0212CAADF9D9} = {DBAD2947-49AA-4422-8A6C-7C2124AE2939}
		{AE8FF87C-E286-4A26-9503-D29BE8E3E16F} = {F633F8B2-AE7E-4666-AF9B-1CA8D0DA7845}
		{D71B08B3-3450-4B08-B4AC-72C75E8E947E} = {F633F8B2-AE7E-4666-AF9B-1CA8D0DA7845}
		{F6B0F7C1-DF62-4F75-B2B6-4ED9082EBC15} = {F633F8B2-AE7E-4666-AF9B-1CA8D0DA7845}
		{51A4E111-CB1A-4FE5-A414-75C74AE3C200} = {F633F8B2-AE7E-4666-AF9B-1CA8D0DA7845}
		{880161D7-5540-454D-9821-25BC54882846} = {F633F8B2-AE7E-4666-AF9B-1CA8D0DA7845}
	EndGlobalSection
	GlobalSection(ExtensibilityGlobals) = postSolution
		SolutionGuid = {03DA7590-E9A1-44E4-9B0E-DD4469EC29D6}
	EndGlobalSection
EndGlobal
